
Microsoft Visual Studio Solution File, Format Version 12.00
# Visual Studio 14
VisualStudioVersion = 14.0.25123.0
MinimumVisualStudioVersion = 10.0.40219.1
Project("{2150E333-8FDC-42A3-9474-1A3956D46DE8}") = "src", "src", "{F7D00FAD-1724-4CB7-AF97-C6105D384A23}"
EndProject
Project("{2150E333-8FDC-42A3-9474-1A3956D46DE8}") = "Solution Items", "Solution Items", "{5BA1E623-CD0D-4584-A6F4-3D2EA95EF6F2}"
	ProjectSection(SolutionItems) = preProject
		global.json = global.json
	EndProjectSection
EndProject
Project("{8BB2217D-0F2D-49D1-97BC-3654ED321F3B}") = "TodoApi", "src\TodoApi\TodoApi.xproj", "{8BC31C29-2ED1-474A-AF4D-A5645D72EEE8}"
EndProject
Global
	GlobalSection(SolutionConfigurationPlatforms) = preSolution
		Debug|Any CPU = Debug|Any CPU
		Release|Any CPU = Release|Any CPU
	EndGlobalSection
	GlobalSection(ProjectConfigurationPlatforms) = postSolution
		{8BC31C29-2ED1-474A-AF4D-A5645D72EEE8}.Debug|Any CPU.ActiveCfg = Debug|Any CPU
		{8BC31C29-2ED1-474A-AF4D-A5645D72EEE8}.Debug|Any CPU.Build.0 = Debug|Any CPU
		{8BC31C29-2ED1-474A-AF4D-A5645D72EEE8}.Release|Any CPU.ActiveCfg = Release|Any CPU
		{8BC31C29-2ED1-474A-AF4D-A5645D72EEE8}.Release|Any CPU.Build.0 = Release|Any CPU
	EndGlobalSection
	GlobalSection(SolutionProperties) = preSolution
		HideSolutionNode = FALSE
	EndGlobalSection
	GlobalSection(NestedProjects) = preSolution
		{8BC31C29-2ED1-474A-AF4D-A5645D72EEE8} = {F7D00FAD-1724-4CB7-AF97-C6105D384A23}
	EndGlobalSection
EndGlobal
